{
  "originHash" : "e0052b876926844c8a7b9c5a3ffd77d3bd9da1fe14022a2f9b69cde58ca1b81b",
  "pins" : [
    {
      "identity" : "cmake_swiftpm_c_plus_plus",
      "kind" : "remoteSourceControl",
      "location" : "https://github.com/tpcreative070/cmake_swiftpm_c_plus_plus.git",
      "state" : {
        "branch" : "main",
        "revision" : "de4be02f443561268cc39a840e786a53c8b5e769"
      }
    }
  ],
  "version" : 3
}
